// !$*UTF8*$!
{
	archiveVersion = 1;
	classes = {
	};
	objectVersion = 77;
	objects = {

/* Begin PBXBuildFile section */
		DBD6B4FD3042894200C8E719 /* DevMonitorApp.swift in Sources */ = {isa = PBXBuildFile; fileRef = DBD6B4FA3042894200C8E719 /* DevMonitorApp.swift */; };
		DBD6B4FF30428A3A00C8E719 /* ContentView.swift in Sources */ = {isa = PBXBuildFile; fileRef = DBD6B4FE30428A3A00C8E719 /* ContentView.swift */; };
/* End PBXBuildFile section */

/* Begin PBXFileReference section */
		DBD6B445304222E900C8E719 /* DevMonitor.app */ = {isa = PBXFileReference; explicitFileType = wrapper.application; includeInIndex = 0; path = DevMonitor.app; sourceTree = BUILT_PRODUCTS_DIR; };
		DBD6B4E43042855700C8E719 /* DockerError.swift */ = {isa = PBXFileReference; lastKnownFileType = sourcecode.swift; path = DockerError.swift; sourceTree = "<group>"; };
		DBD6B4E53042857400C8E719 /* LocalService.swift */ = {isa = PBXFileReference; lastKnownFileType = sourcecode.swift; path = LocalService.swift; sourceTree = "<group>"; };
		DBD6B4E63042858500C8E719 /* DockerContainer.swift */ = {isa = PBXFileReference; lastKnownFileType = sourcecode.swift; path = DockerContainer.swift; sourceTree = "<group>"; };
		DBD6B4E7304285A200C8E719 /* SystemProcessService.swift */ = {isa = PBXFileReference; lastKnownFileType = sourcecode.swift; path = SystemProcessService.swift; sourceTree = "<group>"; };
		DBD6B4E8304285B300C8E719 /* DockerClient.swift */ = {isa = PBXFileReference; lastKnownFileType = sourcecode.swift; path = DockerClient.swift; sourceTree = "<group>"; };
		DBD6B4E9304285EB00C8E719 /* ServicesViewModel.swift */ = {isa = PBXFileReference; lastKnownFileType = sourcecode.swift; path = ServicesViewModel.swift; sourceTree = "<group>"; };
		DBD6B4EA3042860400C8E719 /* ContainersViewModel.swift */ = {isa = PBXFileReference; lastKnownFileType = sourcecode.swift; path = ContainersViewModel.swift; sourceTree = "<group>"; };
		DBD6B4EB3042861700C8E719 /* ServicesView.swift */ = {isa = PBXFileReference; lastKnownFileType = sourcecode.swift; path = ServicesView.swift; sourceTree = "<group>"; };
		DBD6B4EC3042862700C8E719 /* ContainersView.swift */ = {isa = PBXFileReference; lastKnownFileType = sourcecode.swift; path = ContainersView.swift; sourceTree = "<group>"; };
		DBD6B4ED3042865200C8E719 /* SectionLabel.swift */ = {isa = PBXFileReference; lastKnownFileType = sourcecode.swift; path = SectionLabel.swift; sourceTree = "<group>"; };
		DBD6B4EE3042866300C8E719 /* StatusBadge.swift */ = {isa = PBXFileReference; lastKnownFileType = sourcecode.swift; path = StatusBadge.swift; sourceTree = "<group>"; };
		DBD6B4EF3042867100C8E719 /* ServiceRow.swift */ = {isa = PBXFileReference; lastKnownFileType = sourcecode.swift; path = ServiceRow.swift; sourceTree = "<group>"; };
		DBD6B4F03042868700C8E719 /* ContainerRow.swift */ = {isa = PBXFileReference; lastKnownFileType = sourcecode.swift; path = ContainerRow.swift; sourceTree = "<group>"; };
		DBD6B4FA3042894200C8E719 /* DevMonitorApp.swift */ = {isa = PBXFileReference; lastKnownFileType = sourcecode.swift; path = DevMonitorApp.swift; sourceTree = "<group>"; };
		DBD6B4FE30428A3A00C8E719 /* ContentView.swift */ = {isa = PBXFileReference; lastKnownFileType = sourcecode.swift; path = ContentView.swift; sourceTree = "<group>"; };
/* End PBXFileReference section */

/* Begin PBXFrameworksBuildPhase section */
		DBD6B442304222E900C8E719 /* Frameworks */ = {
			isa = PBXFrameworksBuildPhase;
			buildActionMask = 2147483647;
			files = (
			);
			runOnlyForDeploymentPostprocessing = 0;
		};
/* End PBXFrameworksBuildPhase section */

/* Begin PBXGroup section */
		DBD6B43C304222E900C8E719 = {
			isa = PBXGroup;
			children = (
				DBD6B4DD3042849900C8E719 /* DevMonitor */,
				DBD6B446304222E900C8E719 /* Products */,
			);
			sourceTree = "<group>";
		};
		DBD6B446304222E900C8E719 /* Products */ = {
			isa = PBXGroup;
			children = (
				DBD6B445304222E900C8E719 /* DevMonitor.app */,
			);
			name = Products;
			sourceTree = "<group>";
		};
		DBD6B4D93042849900C8E719 /* Errors */ = {
			isa = PBXGroup;
			children = (
				DBD6B4E43042855700C8E719 /* DockerError.swift */,
			);
			path = Errors;
			sourceTree = "<group>";
		};
		DBD6B4DA3042849900C8E719 /* Models */ = {
			isa = PBXGroup;
			children = (
				DBD6B4E63042858500C8E719 /* DockerContainer.swift */,
				DBD6B4E53042857400C8E719 /* LocalService.swift */,
			);
			path = Models;
			sourceTree = "<group>";
		};
		DBD6B4DB3042849900C8E719 /* Services */ = {
			isa = PBXGroup;
			children = (
				DBD6B4E8304285B300C8E719 /* DockerClient.swift */,
				DBD6B4E7304285A200C8E719 /* SystemProcessService.swift */,
			);
			path = Services;
			sourceTree = "<group>";
		};
		DBD6B4DC3042849900C8E719 /* Core */ = {
			isa = PBXGroup;
			children = (
				DBD6B4D93042849900C8E719 /* Errors */,
				DBD6B4DA3042849900C8E719 /* Models */,
				DBD6B4DB3042849900C8E719 /* Services */,
			);
			path = Core;
			sourceTree = "<group>";
		};
		DBD6B4DD3042849900C8E719 /* DevMonitor */ = {
			isa = PBXGroup;
			children = (
				DBD6B4E1304284D400C8E719 /* UI */,
				DBD6B4DE304284B300C8E719 /* Features */,
				DBD6B4FB3042894200C8E719 /* App */,
				DBD6B4DC3042849900C8E719 /* Core */,
			);
			path = DevMonitor;
			sourceTree = "<group>";
		};
		DBD6B4DE304284B300C8E719 /* Features */ = {
			isa = PBXGroup;
			children = (
				DBD6B4E0304284CA00C8E719 /* Containers */,
				DBD6B4DF304284C100C8E719 /* Services */,
			);
			path = Features;
			sourceTree = "<group>";
		};
		DBD6B4DF304284C100C8E719 /* Services */ = {
			isa = PBXGroup;
			children = (
				DBD6B4EB3042861700C8E719 /* ServicesView.swift */,
				DBD6B4E9304285EB00C8E719 /* ServicesViewModel.swift */,
			);
			path = Services;
			sourceTree = "<group>";
		};
		DBD6B4E0304284CA00C8E719 /* Containers */ = {
			isa = PBXGroup;
			children = (
				DBD6B4EC3042862700C8E719 /* ContainersView.swift */,
				DBD6B4EA3042860400C8E719 /* ContainersViewModel.swift */,
			);
			path = Containers;
			sourceTree = "<group>";
		};
		DBD6B4E1304284D400C8E719 /* UI */ = {
			isa = PBXGroup;
			children = (
				DBD6B4E2304284DB00C8E719 /* Components */,
			);
			path = UI;
			sourceTree = "<group>";
		};
		DBD6B4E2304284DB00C8E719 /* Components */ = {
			isa = PBXGroup;
			children = (
				DBD6B4F03042868700C8E719 /* ContainerRow.swift */,
				DBD6B4EF3042867100C8E719 /* ServiceRow.swift */,
				DBD6B4EE3042866300C8E719 /* StatusBadge.swift */,
				DBD6B4ED3042865200C8E719 /* SectionLabel.swift */,
			);
			path = Components;
			sourceTree = "<group>";
		};
		DBD6B4FB3042894200C8E719 /* App */ = {
			isa = PBXGroup;
			children = (
				DBD6B4FE30428A3A00C8E719 /* ContentView.swift */,
				DBD6B4FA3042894200C8E719 /* DevMonitorApp.swift */,
			);
			path = App;
			sourceTree = "<group>";
		};
/* End PBXGroup section */

/* Begin PBXNativeTarget section */
		DBD6B444304222E900C8E719 /* DevMonitor */ = {
			isa = PBXNativeTarget;
			buildConfigurationList = DBD6B450304222EA00C8E719 /* Build configuration list for PBXNativeTarget "DevMonitor" */;
			buildPhases = (
				DBD6B441304222E900C8E719 /* Sources */,
				DBD6B442304222E900C8E719 /* Frameworks */,
				DBD6B443304222E900C8E719 /* Resources */,
			);
			buildRules = (
			);
			dependencies = (
			);
			name = DevMonitor;
			packageProductDependencies = (
			);
			productName = DevMonitor;
			productReference = DBD6B445304222E900C8E719 /* DevMonitor.app */;
			productType = "com.apple.product-type.application";
		};
/* End PBXNativeTarget section */

/* Begin PBXProject section */
		DBD6B43D304222E900C8E719 /* Project object */ = {
			isa = PBXProject;
			attributes = {
				BuildIndependentTargetsInParallel = 1;
				LastSwiftUpdateCheck = 2650;
				LastUpgradeCheck = 2650;
				TargetAttributes = {
					DBD6B444304222E900C8E719 = {
						CreatedOnToolsVersion = 26.5;
					};
				};
			};
			buildConfigurationList = DBD6B440304222E900C8E719 /* Build configuration list for PBXProject "DevMonitor" */;
			developmentRegion = en;
			hasScannedForEncodings = 0;
			knownRegions = (
				en,
				Base,
			);
			mainGroup = DBD6B43C304222E900C8E719;
			minimizedProjectReferenceProxies = 1;
			preferredProjectObjectVersion = 77;
			productRefGroup = DBD6B446304222E900C8E719 /* Products */;
			projectDirPath = "";
			projectRoot = "";
			targets = (
				DBD6B444304222E900C8E719 /* DevMonitor */,
			);
		};
/* End PBXProject section */

/* Begin PBXResourcesBuildPhase section */
		DBD6B443304222E900C8E719 /* Resources */ = {
			isa = PBXResourcesBuildPhase;
			buildActionMask = 2147483647;
			files = (
			);
			runOnlyForDeploymentPostprocessing = 0;
		};
/* End PBXResourcesBuildPhase section */

/* Begin PBXSourcesBuildPhase section */
		DBD6B441304222E900C8E719 /* Sources */ = {
			isa = PBXSourcesBuildPhase;
			buildActionMask = 2147483647;
			files = (
				DBD6B4FF30428A3A00C8E719 /* ContentView.swift in Sources */,
				DBD6B4FD3042894200C8E719 /* DevMonitorApp.swift in Sources */,
			);
			runOnlyForDeploymentPostprocessing = 0;
		};
/* End PBXSourcesBuildPhase section */

/* Begin XCBuildConfiguration section */
		DBD6B44E304222EA00C8E719 /* Debug */ = {
			isa = XCBuildConfiguration;
			buildSettings = {
				ALWAYS_SEARCH_USER_PATHS = NO;
				ASSETCATALOG_COMPILER_GENERATE_SWIFT_ASSET_SYMBOL_EXTENSIONS = YES;
				CLANG_ANALYZER_NONNULL = YES;
				CLANG_ANALYZER_NUMBER_OBJECT_CONVERSION = YES_AGGRESSIVE;
				CLANG_CXX_LANGUAGE_STANDARD = "gnu++20";
				CLANG_ENABLE_MODULES = YES;
				CLANG_ENABLE_OBJC_ARC = YES;
				CLANG_ENABLE_OBJC_WEAK = YES;
				CLANG_WARN_BLOCK_CAPTURE_AUTORELEASING = YES;
				CLANG_WARN_BOOL_CONVERSION = YES;
				CLANG_WARN_COMMA = YES;
				CLANG_WARN_CONSTANT_CONVERSION = YES;
				CLANG_WARN_DEPRECATED_OBJC_IMPLEMENTATIONS = YES;
				CLANG_WARN_DIRECT_OBJC_ISA_USAGE = YES_ERROR;
				CLANG_WARN_DOCUMENTATION_COMMENTS = YES;
				CLANG_WARN_EMPTY_BODY = YES;
				CLANG_WARN_ENUM_CONVERSION = YES;
				CLANG_WARN_INFINITE_RECURSION = YES;
				CLANG_WARN_INT_CONVERSION = YES;
				CLANG_WARN_NON_LITERAL_NULL_CONVERSION = YES;
				CLANG_WARN_OBJC_IMPLICIT_RETAIN_SELF = YES;
				CLANG_WARN_OBJC_LITERAL_CONVERSION = YES;
				CLANG_WARN_OBJC_ROOT_CLASS = YES_ERROR;
				CLANG_WARN_QUOTED_INCLUDE_IN_FRAMEWORK_HEADER = YES;
				CLANG_WARN_RANGE_LOOP_ANALYSIS = YES;
				CLANG_WARN_STRICT_PROTOTYPES = YES;
				CLANG_WARN_SUSPICIOUS_MOVE = YES;
				CLANG_WARN_UNGUARDED_AVAILABILITY = YES_AGGRESSIVE;
				CLANG_WARN_UNREACHABLE_CODE = YES;
				CLANG_WARN__DUPLICATE_METHOD_MATCH = YES;
				COPY_PHASE_STRIP = NO;
				DEBUG_INFORMATION_FORMAT = dwarf;
				ENABLE_STRICT_OBJC_MSGSEND = YES;
				ENABLE_TESTABILITY = YES;
				ENABLE_USER_SCRIPT_SANDBOXING = YES;
				GCC_C_LANGUAGE_STANDARD = gnu17;
				GCC_DYNAMIC_NO_PIC = NO;
				GCC_NO_COMMON_BLOCKS = YES;
				GCC_OPTIMIZATION_LEVEL = 0;
				GCC_PREPROCESSOR_DEFINITIONS = (
					"DEBUG=1",
					"$(inherited)",
				);
				GCC_WARN_64_TO_32_BIT_CONVERSION = YES;
				GCC_WARN_ABOUT_RETURN_TYPE = YES_ERROR;
				GCC_WARN_UNDECLARED_SELECTOR = YES;
				GCC_WARN_UNINITIALIZED_AUTOS = YES_AGGRESSIVE;
				GCC_WARN_UNUSED_FUNCTION = YES;
				GCC_WARN_UNUSED_VARIABLE = YES;
				LOCALIZATION_PREFERS_STRING_CATALOGS = YES;
				MACOSX_DEPLOYMENT_TARGET = 26.5;
				MTL_ENABLE_DEBUG_INFO = INCLUDE_SOURCE;
				MTL_FAST_MATH = YES;
				ONLY_ACTIVE_ARCH = YES;
				SDKROOT = macosx;
				SWIFT_ACTIVE_COMPILATION_CONDITIONS = "DEBUG $(inherited)";
				SWIFT_OPTIMIZATION_LEVEL = "-Onone";
			};
			name = Debug;
		};
		DBD6B44F304222EA00C8E719 /* Release */ = {
			isa = XCBuildConfiguration;
			buildSettings = {
				ALWAYS_SEARCH_USER_PATHS = NO;
				ASSETCATALOG_COMPILER_GENERATE_SWIFT_ASSET_SYMBOL_EXTENSIONS = YES;
				CLANG_ANALYZER_NONNULL = YES;
				CLANG_ANALYZER_NUMBER_OBJECT_CONVERSION = YES_AGGRESSIVE;
				CLANG_CXX_LANGUAGE_STANDARD = "gnu++20";
				CLANG_ENABLE_MODULES = YES;
				CLANG_ENABLE_OBJC_ARC = YES;
				CLANG_ENABLE_OBJC_WEAK = YES;
				CLANG_WARN_BLOCK_CAPTURE_AUTORELEASING = YES;
				CLANG_WARN_BOOL_CONVERSION = YES;
				CLANG_WARN_COMMA = YES;
				CLANG_WARN_CONSTANT_CONVERSION = YES;
				CLANG_WARN_DEPRECATED_OBJC_IMPLEMENTATIONS = YES;
				CLANG_WARN_DIRECT_OBJC_ISA_USAGE = YES_ERROR;
				CLANG_WARN_DOCUMENTATION_COMMENTS = YES;
				CLANG_WARN_EMPTY_BODY = YES;
				CLANG_WARN_ENUM_CONVERSION = YES;
				CLANG_WARN_INFINITE_RECURSION = YES;
				CLANG_WARN_INT_CONVERSION = YES;
				CLANG_WARN_NON_LITERAL_NULL_CONVERSION = YES;
				CLANG_WARN_OBJC_IMPLICIT_RETAIN_SELF = YES;
				CLANG_WARN_OBJC_LITERAL_CONVERSION = YES;
				CLANG_WARN_OBJC_ROOT_CLASS = YES_ERROR;
				CLANG_WARN_QUOTED_INCLUDE_IN_FRAMEWORK_HEADER = YES;
				CLANG_WARN_RANGE_LOOP_ANALYSIS = YES;
				CLANG_WARN_STRICT_PROTOTYPES = YES;
				CLANG_WARN_SUSPICIOUS_MOVE = YES;
				CLANG_WARN_UNGUARDED_AVAILABILITY = YES_AGGRESSIVE;
				CLANG_WARN_UNREACHABLE_CODE = YES;
				CLANG_WARN__DUPLICATE_METHOD_MATCH = YES;
				COPY_PHASE_STRIP = NO;
				DEBUG_INFORMATION_FORMAT = "dwarf-with-dsym";
				ENABLE_NS_ASSERTIONS = NO;
				ENABLE_STRICT_OBJC_MSGSEND = YES;
				ENABLE_USER_SCRIPT_SANDBOXING = YES;
				GCC_C_LANGUAGE_STANDARD = gnu17;
				GCC_NO_COMMON_BLOCKS = YES;
				GCC_WARN_64_TO_32_BIT_CONVERSION = YES;
				GCC_WARN_ABOUT_RETURN_TYPE = YES_ERROR;
				GCC_WARN_UNDECLARED_SELECTOR = YES;
				GCC_WARN_UNINITIALIZED_AUTOS = YES_AGGRESSIVE;
				GCC_WARN_UNUSED_FUNCTION = YES;
				GCC_WARN_UNUSED_VARIABLE = YES;
				LOCALIZATION_PREFERS_STRING_CATALOGS = YES;
				MACOSX_DEPLOYMENT_TARGET = 26.5;
				MTL_ENABLE_DEBUG_INFO = NO;
				MTL_FAST_MATH = YES;
				SDKROOT = macosx;
				SWIFT_COMPILATION_MODE = wholemodule;
			};
			name = Release;
		};
		DBD6B451304222EA00C8E719 /* Debug */ = {
			isa = XCBuildConfiguration;
			buildSettings = {
				ASSETCATALOG_COMPILER_APPICON_NAME = AppIcon;
				ASSETCATALOG_COMPILER_GLOBAL_ACCENT_COLOR_NAME = AccentColor;
				CODE_SIGN_STYLE = Automatic;
				COMBINE_HIDPI_IMAGES = YES;
				CURRENT_PROJECT_VERSION = 1;
				ENABLE_APP_SANDBOX = NO;
				ENABLE_PREVIEWS = YES;
				GENERATE_INFOPLIST_FILE = YES;
				INFOPLIST_KEY_LSUIElement = NO;
				INFOPLIST_KEY_NSHumanReadableCopyright = "";
				LD_RUNPATH_SEARCH_PATHS = (
					"$(inherited)",
					"@executable_path/../Frameworks",
				);
				MARKETING_VERSION = 1.0;
				PRODUCT_BUNDLE_IDENTIFIER = com.cessadev.DevMonitor;
				PRODUCT_NAME = "$(TARGET_NAME)";
				REGISTER_APP_GROUPS = YES;
				STRING_CATALOG_GENERATE_SYMBOLS = YES;
				SWIFT_APPROACHABLE_CONCURRENCY = YES;
				SWIFT_DEFAULT_ACTOR_ISOLATION = MainActor;
				SWIFT_EMIT_LOC_STRINGS = YES;
				SWIFT_UPCOMING_FEATURE_MEMBER_IMPORT_VISIBILITY = YES;
				SWIFT_VERSION = 5.0;
			};
			name = Debug;
		};
		DBD6B452304222EA00C8E719 /* Release */ = {
			isa = XCBuildConfiguration;
			buildSettings = {
				ASSETCATALOG_COMPILER_APPICON_NAME = AppIcon;
				ASSETCATALOG_COMPILER_GLOBAL_ACCENT_COLOR_NAME = AccentColor;
				CODE_SIGN_STYLE = Automatic;
				COMBINE_HIDPI_IMAGES = YES;
				CURRENT_PROJECT_VERSION = 1;
				ENABLE_APP_SANDBOX = NO;
				ENABLE_PREVIEWS = YES;
				GENERATE_INFOPLIST_FILE = YES;
				INFOPLIST_KEY_LSUIElement = NO;
				INFOPLIST_KEY_NSHumanReadableCopyright = "";
				LD_RUNPATH_SEARCH_PATHS = (
					"$(inherited)",
					"@executable_path/../Frameworks",
				);
				MARKETING_VERSION = 1.0;
				PRODUCT_BUNDLE_IDENTIFIER = com.cessadev.DevMonitor;
				PRODUCT_NAME = "$(TARGET_NAME)";
				REGISTER_APP_GROUPS = YES;
				STRING_CATALOG_GENERATE_SYMBOLS = YES;
				SWIFT_APPROACHABLE_CONCURRENCY = YES;
				SWIFT_DEFAULT_ACTOR_ISOLATION = MainActor;
				SWIFT_EMIT_LOC_STRINGS = YES;
				SWIFT_UPCOMING_FEATURE_MEMBER_IMPORT_VISIBILITY = YES;
				SWIFT_VERSION = 5.0;
			};
			name = Release;
		};
/* End XCBuildConfiguration section */

/* Begin XCConfigurationList section */
		DBD6B440304222E900C8E719 /* Build configuration list for PBXProject "DevMonitor" */ = {
			isa = XCConfigurationList;
			buildConfigurations = (
				DBD6B44E304222EA00C8E719 /* Debug */,
				DBD6B44F304222EA00C8E719 /* Release */,
			);
			defaultConfigurationIsVisible = 0;
			defaultConfigurationName = Release;
		};
		DBD6B450304222EA00C8E719 /* Build configuration list for PBXNativeTarget "DevMonitor" */ = {
			isa = XCConfigurationList;
			buildConfigurations = (
				DBD6B451304222EA00C8E719 /* Debug */,
				DBD6B452304222EA00C8E719 /* Release */,
			);
			defaultConfigurationIsVisible = 0;
			defaultConfigurationName = Release;
		};
/* End XCConfigurationList section */
	};
	rootObject = DBD6B43D304222E900C8E719 /* Project object */;
}
